
Microsoft Visual Studio Solution File, Format Version 12.00
# Visual Studio Version 17
VisualStudioVersion = 17.10.34814.14
MinimumVisualStudioVersion = 10.0.40219.1
Project("{FAE04EC0-301F-11D3-BF4B-00C04F79EFBC}") = "Trabajo_Practico_1", "Trabajo_Practico_1.csproj", "{1081B5A7-0946-46DB-A6F6-E4AB0AFCCA29}"
EndProject
Global
	GlobalSection(SolutionConfigurationPlatforms) = preSolution
		Debug|Any CPU = Debug|Any CPU
		Release|Any CPU = Release|Any CPU
	EndGlobalSection
	GlobalSection(ProjectConfigurationPlatforms) = postSolution
		{1081B5A7-0946-46DB-A6F6-E4AB0AFCCA29}.Debug|Any CPU.ActiveCfg = Debug|Any CPU
		{1081B5A7-0946-46DB-A6F6-E4AB0AFCCA29}.Debug|Any CPU.Build.0 = Debug|Any CPU
		{1081B5A7-0946-46DB-A6F6-E4AB0AFCCA29}.Release|Any CPU.ActiveCfg = Release|Any CPU
		{1081B5A7-0946-46DB-A6F6-E4AB0AFCCA29}.Release|Any CPU.Build.0 = Release|Any CPU
	EndGlobalSection
	GlobalSection(SolutionProperties) = preSolution
		HideSolutionNode = FALSE
	EndGlobalSection
	GlobalSection(ExtensibilityGlobals) = postSolution
		SolutionGuid = {0C485413-CB93-4E50-B6DF-159F1EA9FA45}
	EndGlobalSection
EndGlobal
